
Microsoft Visual Studio Solution File, Format Version 12.00
# Visual Studio 2013
VisualStudioVersion = 12.0.31101.0
MinimumVisualStudioVersion = 10.0.40219.1
Project("{FAE04EC0-301F-11D3-BF4B-00C04F79EFBC}") = "TDD2", "TDD2\TDD2.csproj", "{DA02B3D9-2533-451E-BAEE-109FE9476D28}"
EndProject
Project("{FAE04EC0-301F-11D3-BF4B-00C04F79EFBC}") = "TDD2.Test", "TDD2.Test\TDD2.Test.csproj", "{C3D61C19-855C-4AB8-8988-E750F71B6FC4}"
EndProject
Global
	GlobalSection(SolutionConfigurationPlatforms) = preSolution
		Debug|Any CPU = Debug|Any CPU
		Release|Any CPU = Release|Any CPU
	EndGlobalSection
	GlobalSection(ProjectConfigurationPlatforms) = postSolution
		{DA02B3D9-2533-451E-BAEE-109FE9476D28}.Debug|Any CPU.ActiveCfg = Debug|Any CPU
		{DA02B3D9-2533-451E-BAEE-109FE9476D28}.Debug|Any CPU.Build.0 = Debug|Any CPU
		{DA02B3D9-2533-451E-BAEE-109FE9476D28}.Release|Any CPU.ActiveCfg = Release|Any CPU
		{DA02B3D9-2533-451E-BAEE-109FE9476D28}.Release|Any CPU.Build.0 = Release|Any CPU
		{C3D61C19-855C-4AB8-8988-E750F71B6FC4}.Debug|Any CPU.ActiveCfg = Debug|Any CPU
		{C3D61C19-855C-4AB8-8988-E750F71B6FC4}.Debug|Any CPU.Build.0 = Debug|Any CPU
		{C3D61C19-855C-4AB8-8988-E750F71B6FC4}.Release|Any CPU.ActiveCfg = Release|Any CPU
		{C3D61C19-855C-4AB8-8988-E750F71B6FC4}.Release|Any CPU.Build.0 = Release|Any CPU
	EndGlobalSection
	GlobalSection(SolutionProperties) = preSolution
		HideSolutionNode = FALSE
	EndGlobalSection
EndGlobal
